// !$*UTF8*$!
{
	archiveVersion = 1;
	classes = {
	};
	objectVersion = 50;
	objects = {

/* Begin PBXBuildFile section */
		5E0E8C5225B39AF500730649 /* admob_plugin_implementation.mm in Sources */ = {isa = PBXBuildFile; fileRef = 5E0E8C5125B39AF500730649 /* admob_plugin_implementation.mm */; };
		5E49FAC725B3AF030001A226 /* Banner.mm in Sources */ = {isa = PBXBuildFile; fileRef = 5E49FAC125B3AF030001A226 /* Banner.mm */; };
		5E49FAC825B3AF030001A226 /* Interstitial.mm in Sources */ = {isa = PBXBuildFile; fileRef = 5E49FAC525B3AF030001A226 /* Interstitial.mm */; };
		5E49FAC925B3AF030001A226 /* Rewarded.mm in Sources */ = {isa = PBXBuildFile; fileRef = 5E49FAC625B3AF030001A226 /* Rewarded.mm */; };
		5EDA216E25B398A50076123B /* admob_plugin.mm in Sources */ = {isa = PBXBuildFile; fileRef = 5EDA216D25B398A50076123B /* admob_plugin.mm */; };
		5EDA216F25B398A50076123B /* admob_plugin.h in CopyFiles */ = {isa = PBXBuildFile; fileRef = 5EDA216C25B398A50076123B /* admob_plugin.h */; };
/* End PBXBuildFile section */

/* Begin PBXCopyFilesBuildPhase section */
		5EDA216725B398A50076123B /* CopyFiles */ = {
			isa = PBXCopyFilesBuildPhase;
			buildActionMask = 2147483647;
			dstPath = "include/$(PRODUCT_NAME)";
			dstSubfolderSpec = 16;
			files = (
				5EDA216F25B398A50076123B /* admob_plugin.h in CopyFiles */,
			);
			runOnlyForDeploymentPostprocessing = 0;
		};
/* End PBXCopyFilesBuildPhase section */

/* Begin PBXFileReference section */
		5E0E8C5025B39A6400730649 /* admob_plugin_implementation.h */ = {isa = PBXFileReference; lastKnownFileType = sourcecode.c.h; path = admob_plugin_implementation.h; sourceTree = "<group>"; };
		5E0E8C5125B39AF500730649 /* admob_plugin_implementation.mm */ = {isa = PBXFileReference; lastKnownFileType = sourcecode.cpp.objcpp; path = admob_plugin_implementation.mm; sourceTree = "<group>"; };
		5E49FAC125B3AF030001A226 /* Banner.mm */ = {isa = PBXFileReference; fileEncoding = 4; lastKnownFileType = sourcecode.cpp.objcpp; path = Banner.mm; sourceTree = "<group>"; };
		5E49FAC225B3AF030001A226 /* Interstitial.h */ = {isa = PBXFileReference; fileEncoding = 4; lastKnownFileType = sourcecode.c.h; path = Interstitial.h; sourceTree = "<group>"; };
		5E49FAC325B3AF030001A226 /* Banner.h */ = {isa = PBXFileReference; fileEncoding = 4; lastKnownFileType = sourcecode.c.h; path = Banner.h; sourceTree = "<group>"; };
		5E49FAC425B3AF030001A226 /* Rewarded.h */ = {isa = PBXFileReference; fileEncoding = 4; lastKnownFileType = sourcecode.c.h; path = Rewarded.h; sourceTree = "<group>"; };
		5E49FAC525B3AF030001A226 /* Interstitial.mm */ = {isa = PBXFileReference; fileEncoding = 4; lastKnownFileType = sourcecode.cpp.objcpp; path = Interstitial.mm; sourceTree = "<group>"; };
		5E49FAC625B3AF030001A226 /* Rewarded.mm */ = {isa = PBXFileReference; fileEncoding = 4; lastKnownFileType = sourcecode.cpp.objcpp; path = Rewarded.mm; sourceTree = "<group>"; };
		5EDA216925B398A50076123B /* libadmob_plugin.a */ = {isa = PBXFileReference; explicitFileType = archive.ar; includeInIndex = 0; path = libadmob_plugin.a; sourceTree = BUILT_PRODUCTS_DIR; };
		5EDA216C25B398A50076123B /* admob_plugin.h */ = {isa = PBXFileReference; lastKnownFileType = sourcecode.c.h; path = admob_plugin.h; sourceTree = "<group>"; };
		5EDA216D25B398A50076123B /* admob_plugin.mm */ = {isa = PBXFileReference; lastKnownFileType = sourcecode.cpp.objcpp; path = admob_plugin.mm; sourceTree = "<group>"; };
/* End PBXFileReference section */

/* Begin PBXFrameworksBuildPhase section */
		5EDA216625B398A50076123B /* Frameworks */ = {
			isa = PBXFrameworksBuildPhase;
			buildActionMask = 2147483647;
			files = (
			);
			runOnlyForDeploymentPostprocessing = 0;
		};
/* End PBXFrameworksBuildPhase section */

/* Begin PBXGroup section */
		5E49FACF25B3B17C0001A226 /* Frameworks */ = {
			isa = PBXGroup;
			children = (
			);
			name = Frameworks;
			sourceTree = "<group>";
		};
		5EDA216025B398A50076123B = {
			isa = PBXGroup;
			children = (
				5EDA216B25B398A50076123B /* admob_plugin */,
				5EDA216A25B398A50076123B /* Products */,
				5E49FACF25B3B17C0001A226 /* Frameworks */,
			);
			sourceTree = "<group>";
		};
		5EDA216A25B398A50076123B /* Products */ = {
			isa = PBXGroup;
			children = (
				5EDA216925B398A50076123B /* libadmob_plugin.a */,
			);
			name = Products;
			sourceTree = "<group>";
		};
		5EDA216B25B398A50076123B /* admob_plugin */ = {
			isa = PBXGroup;
			children = (
				5EDA216C25B398A50076123B /* admob_plugin.h */,
				5E0E8C5025B39A6400730649 /* admob_plugin_implementation.h */,
				5EDA216D25B398A50076123B /* admob_plugin.mm */,
				5E49FAC325B3AF030001A226 /* Banner.h */,
				5E49FAC125B3AF030001A226 /* Banner.mm */,
				5E49FAC225B3AF030001A226 /* Interstitial.h */,
				5E49FAC525B3AF030001A226 /* Interstitial.mm */,
				5E49FAC425B3AF030001A226 /* Rewarded.h */,
				5E49FAC625B3AF030001A226 /* Rewarded.mm */,
				5E0E8C5125B39AF500730649 /* admob_plugin_implementation.mm */,
			);
			path = admob_plugin;
			sourceTree = "<group>";
		};
/* End PBXGroup section */

/* Begin PBXNativeTarget section */
		5EDA216825B398A50076123B /* admob_plugin */ = {
			isa = PBXNativeTarget;
			buildConfigurationList = 5EDA217225B398A50076123B /* Build configuration list for PBXNativeTarget "admob_plugin" */;
			buildPhases = (
				5EDA216525B398A50076123B /* Sources */,
				5EDA216625B398A50076123B /* Frameworks */,
				5EDA216725B398A50076123B /* CopyFiles */,
			);
			buildRules = (
			);
			dependencies = (
			);
			name = admob_plugin;
			productName = admob_plugin;
			productReference = 5EDA216925B398A50076123B /* libadmob_plugin.a */;
			productType = "com.apple.product-type.library.static";
		};
/* End PBXNativeTarget section */

/* Begin PBXProject section */
		5EDA216125B398A50076123B /* Project object */ = {
			isa = PBXProject;
			attributes = {
				LastUpgradeCheck = 1230;
				TargetAttributes = {
					5EDA216825B398A50076123B = {
						CreatedOnToolsVersion = 12.3;
					};
				};
			};
			buildConfigurationList = 5EDA216425B398A50076123B /* Build configuration list for PBXProject "admob_plugin" */;
			compatibilityVersion = "Xcode 9.3";
			developmentRegion = en;
			hasScannedForEncodings = 0;
			knownRegions = (
				en,
				Base,
			);
			mainGroup = 5EDA216025B398A50076123B;
			productRefGroup = 5EDA216A25B398A50076123B /* Products */;
			projectDirPath = "";
			projectRoot = "";
			targets = (
				5EDA216825B398A50076123B /* admob_plugin */,
			);
		};
/* End PBXProject section */

/* Begin PBXSourcesBuildPhase section */
		5EDA216525B398A50076123B /* Sources */ = {
			isa = PBXSourcesBuildPhase;
			buildActionMask = 2147483647;
			files = (
				5E0E8C5225B39AF500730649 /* admob_plugin_implementation.mm in Sources */,
				5E49FAC725B3AF030001A226 /* Banner.mm in Sources */,
				5EDA216E25B398A50076123B /* admob_plugin.mm in Sources */,
				5E49FAC825B3AF030001A226 /* Interstitial.mm in Sources */,
				5E49FAC925B3AF030001A226 /* Rewarded.mm in Sources */,
			);
			runOnlyForDeploymentPostprocessing = 0;
		};
/* End PBXSourcesBuildPhase section */

/* Begin XCBuildConfiguration section */
		5EDA217025B398A50076123B /* Debug */ = {
			isa = XCBuildConfiguration;
			buildSettings = {
				ALWAYS_SEARCH_USER_PATHS = NO;
				CLANG_ANALYZER_NONNULL = YES;
				CLANG_ANALYZER_NUMBER_OBJECT_CONVERSION = YES_AGGRESSIVE;
				CLANG_CXX_LANGUAGE_STANDARD = "gnu++14";
				CLANG_CXX_LIBRARY = "libc++";
				CLANG_ENABLE_MODULES = YES;
				CLANG_ENABLE_OBJC_ARC = YES;
				CLANG_ENABLE_OBJC_WEAK = YES;
				CLANG_WARN_BLOCK_CAPTURE_AUTORELEASING = YES;
				CLANG_WARN_BOOL_CONVERSION = YES;
				CLANG_WARN_COMMA = YES;
				CLANG_WARN_CONSTANT_CONVERSION = YES;
				CLANG_WARN_DEPRECATED_OBJC_IMPLEMENTATIONS = YES;
				CLANG_WARN_DIRECT_OBJC_ISA_USAGE = YES_ERROR;
				CLANG_WARN_DOCUMENTATION_COMMENTS = YES;
				CLANG_WARN_EMPTY_BODY = YES;
				CLANG_WARN_ENUM_CONVERSION = YES;
				CLANG_WARN_INFINITE_RECURSION = YES;
				CLANG_WARN_INT_CONVERSION = YES;
				CLANG_WARN_NON_LITERAL_NULL_CONVERSION = YES;
				CLANG_WARN_OBJC_IMPLICIT_RETAIN_SELF = YES;
				CLANG_WARN_OBJC_LITERAL_CONVERSION = YES;
				CLANG_WARN_OBJC_ROOT_CLASS = YES_ERROR;
				CLANG_WARN_QUOTED_INCLUDE_IN_FRAMEWORK_HEADER = YES;
				CLANG_WARN_RANGE_LOOP_ANALYSIS = YES;
				CLANG_WARN_STRICT_PROTOTYPES = YES;
				CLANG_WARN_SUSPICIOUS_MOVE = YES;
				CLANG_WARN_UNGUARDED_AVAILABILITY = YES_AGGRESSIVE;
				CLANG_WARN_UNREACHABLE_CODE = YES;
				CLANG_WARN__DUPLICATE_METHOD_MATCH = YES;
				COPY_PHASE_STRIP = NO;
				DEBUG_INFORMATION_FORMAT = dwarf;
				ENABLE_STRICT_OBJC_MSGSEND = YES;
				ENABLE_TESTABILITY = YES;
				GCC_C_LANGUAGE_STANDARD = gnu11;
				GCC_DYNAMIC_NO_PIC = NO;
				GCC_NO_COMMON_BLOCKS = YES;
				GCC_OPTIMIZATION_LEVEL = 0;
				GCC_PREPROCESSOR_DEFINITIONS = (
					"DEBUG=1",
					"$(inherited)",
				);
				GCC_WARN_64_TO_32_BIT_CONVERSION = YES;
				GCC_WARN_ABOUT_RETURN_TYPE = YES_ERROR;
				GCC_WARN_UNDECLARED_SELECTOR = YES;
				GCC_WARN_UNINITIALIZED_AUTOS = YES_AGGRESSIVE;
				GCC_WARN_UNUSED_FUNCTION = YES;
				GCC_WARN_UNUSED_VARIABLE = YES;
				IPHONEOS_DEPLOYMENT_TARGET = 14.3;
				MTL_ENABLE_DEBUG_INFO = INCLUDE_SOURCE;
				MTL_FAST_MATH = YES;
				ONLY_ACTIVE_ARCH = YES;
				SDKROOT = iphoneos;
			};
			name = Debug;
		};
		5EDA217125B398A50076123B /* Release */ = {
			isa = XCBuildConfiguration;
			buildSettings = {
				ALWAYS_SEARCH_USER_PATHS = NO;
				CLANG_ANALYZER_NONNULL = YES;
				CLANG_ANALYZER_NUMBER_OBJECT_CONVERSION = YES_AGGRESSIVE;
				CLANG_CXX_LANGUAGE_STANDARD = "gnu++14";
				CLANG_CXX_LIBRARY = "libc++";
				CLANG_ENABLE_MODULES = YES;
				CLANG_ENABLE_OBJC_ARC = YES;
				CLANG_ENABLE_OBJC_WEAK = YES;
				CLANG_WARN_BLOCK_CAPTURE_AUTORELEASING = YES;
				CLANG_WARN_BOOL_CONVERSION = YES;
				CLANG_WARN_COMMA = YES;
				CLANG_WARN_CONSTANT_CONVERSION = YES;
				CLANG_WARN_DEPRECATED_OBJC_IMPLEMENTATIONS = YES;
				CLANG_WARN_DIRECT_OBJC_ISA_USAGE = YES_ERROR;
				CLANG_WARN_DOCUMENTATION_COMMENTS = YES;
				CLANG_WARN_EMPTY_BODY = YES;
				CLANG_WARN_ENUM_CONVERSION = YES;
				CLANG_WARN_INFINITE_RECURSION = YES;
				CLANG_WARN_INT_CONVERSION = YES;
				CLANG_WARN_NON_LITERAL_NULL_CONVERSION = YES;
				CLANG_WARN_OBJC_IMPLICIT_RETAIN_SELF = YES;
				CLANG_WARN_OBJC_LITERAL_CONVERSION = YES;
				CLANG_WARN_OBJC_ROOT_CLASS = YES_ERROR;
				CLANG_WARN_QUOTED_INCLUDE_IN_FRAMEWORK_HEADER = YES;
				CLANG_WARN_RANGE_LOOP_ANALYSIS = YES;
				CLANG_WARN_STRICT_PROTOTYPES = YES;
				CLANG_WARN_SUSPICIOUS_MOVE = YES;
				CLANG_WARN_UNGUARDED_AVAILABILITY = YES_AGGRESSIVE;
				CLANG_WARN_UNREACHABLE_CODE = YES;
				CLANG_WARN__DUPLICATE_METHOD_MATCH = YES;
				COPY_PHASE_STRIP = NO;
				DEBUG_INFORMATION_FORMAT = "dwarf-with-dsym";
				ENABLE_NS_ASSERTIONS = NO;
				ENABLE_STRICT_OBJC_MSGSEND = YES;
				GCC_C_LANGUAGE_STANDARD = gnu11;
				GCC_NO_COMMON_BLOCKS = YES;
				GCC_WARN_64_TO_32_BIT_CONVERSION = YES;
				GCC_WARN_ABOUT_RETURN_TYPE = YES_ERROR;
				GCC_WARN_UNDECLARED_SELECTOR = YES;
				GCC_WARN_UNINITIALIZED_AUTOS = YES_AGGRESSIVE;
				GCC_WARN_UNUSED_FUNCTION = YES;
				GCC_WARN_UNUSED_VARIABLE = YES;
				IPHONEOS_DEPLOYMENT_TARGET = 14.3;
				MTL_ENABLE_DEBUG_INFO = NO;
				MTL_FAST_MATH = YES;
				SDKROOT = iphoneos;
				VALIDATE_PRODUCT = YES;
			};
			name = Release;
		};
		5EDA217325B398A50076123B /* Debug */ = {
			isa = XCBuildConfiguration;
			buildSettings = {
				CLANG_ENABLE_MODULES = YES;
				CODE_SIGN_STYLE = Automatic;
				FRAMEWORK_SEARCH_PATHS = (
					"$(inherited)",
					"\"$(SRCROOT)/lib/GoogleMobileAds.xcframework\"/**",
					"\"$(SRCROOT)/lib/GoogleUtilities.xcframework\"/**",
					"\"$(SRCROOT)/lib/GoogleAppMeasurement.xcframework\"/**",
					"\"$(SRCROOT)/lib/nanopb.xcframework\"/**",
					"\"$(SRCROOT)/lib/PromisesObjC.xcframework\"/**",
					"\"$(SRCROOT)/lib/UserMessagingPlatform.xcframework\"/**",
				);
				HEADER_SEARCH_PATHS = (
					"$(SRCROOT)/godot",
					"$(SRCROOT)/godot/main",
					"$(SRCROOT)/godot/core",
					"$(SRCROOT)/godot/core/os",
					"$(SRCROOT)/godot/servers",
					"$(SRCROOT)/godot/platform",
					"$(SRCROOT)/godot/platform/iphone",
					"$(SRCROOT)/godot/modules",
					"$(SRCROOT)/godot/scene",
					"$(SRCROOT)/godot/drivers",
					"$(SRCROOT)/godot/trirdparty",
				);
				LIBRARY_SEARCH_PATHS = "";
				OTHER_CFLAGS = (
					"-fcxx-modules",
					"-g",
					"-DDEBUG",
					"-DDEBUG_ENABLED",
					"-DDEBUG_MEMORY_ALLOC",
					"-DDISABLE_FORCED_INLINE",
					"-DTYPED_METHOD_BIND",
					"-fmodules",
				);
				OTHER_LDFLAGS = "-ObjC";
				PRODUCT_NAME = "$(TARGET_NAME)";
				SKIP_INSTALL = YES;
				SYSTEM_FRAMEWORK_SEARCH_PATHS = "";
				TARGETED_DEVICE_FAMILY = "1,2";
			};
			name = Debug;
		};
		5EDA217425B398A50076123B /* Release */ = {
			isa = XCBuildConfiguration;
			buildSettings = {
				CLANG_ENABLE_MODULES = YES;
				CODE_SIGN_STYLE = Automatic;
				FRAMEWORK_SEARCH_PATHS = (
					"$(inherited)",
					"\"$(SRCROOT)/lib/GoogleMobileAds.xcframework\"/**",
					"\"$(SRCROOT)/lib/GoogleUtilities.xcframework\"/**",
					"\"$(SRCROOT)/lib/GoogleAppMeasurement.xcframework\"/**",
					"\"$(SRCROOT)/lib/nanopb.xcframework\"/**",
					"\"$(SRCROOT)/lib/PromisesObjC.xcframework\"/**",
					"\"$(SRCROOT)/lib/UserMessagingPlatform.xcframework\"/**",
				);
				HEADER_SEARCH_PATHS = (
					"$(SRCROOT)/godot",
					"$(SRCROOT)/godot/main",
					"$(SRCROOT)/godot/core",
					"$(SRCROOT)/godot/core/os",
					"$(SRCROOT)/godot/servers",
					"$(SRCROOT)/godot/platform",
					"$(SRCROOT)/godot/platform/iphone",
					"$(SRCROOT)/godot/modules",
					"$(SRCROOT)/godot/scene",
					"$(SRCROOT)/godot/drivers",
					"$(SRCROOT)/godot/trirdparty",
				);
				LIBRARY_SEARCH_PATHS = "";
				OTHER_CFLAGS = (
					"-fcxx-modules",
					"-fmodules",
				);
				OTHER_LDFLAGS = "-ObjC";
				PRODUCT_NAME = "$(TARGET_NAME)";
				SKIP_INSTALL = YES;
				SYSTEM_FRAMEWORK_SEARCH_PATHS = "";
				TARGETED_DEVICE_FAMILY = "1,2";
			};
			name = Release;
		};
/* End XCBuildConfiguration section */

/* Begin XCConfigurationList section */
		5EDA216425B398A50076123B /* Build configuration list for PBXProject "admob_plugin" */ = {
			isa = XCConfigurationList;
			buildConfigurations = (
				5EDA217025B398A50076123B /* Debug */,
				5EDA217125B398A50076123B /* Release */,
			);
			defaultConfigurationIsVisible = 0;
			defaultConfigurationName = Release;
		};
		5EDA217225B398A50076123B /* Build configuration list for PBXNativeTarget "admob_plugin" */ = {
			isa = XCConfigurationList;
			buildConfigurations = (
				5EDA217325B398A50076123B /* Debug */,
				5EDA217425B398A50076123B /* Release */,
			);
			defaultConfigurationIsVisible = 0;
			defaultConfigurationName = Release;
		};
/* End XCConfigurationList section */
	};
	rootObject = 5EDA216125B398A50076123B /* Project object */;
}
